
Microsoft Visual Studio Solution File, Format Version 12.00
# Visual Studio Version 17
VisualStudioVersion = 17.3.32901.215
MinimumVisualStudioVersion = 10.0.40219.1
Project("{FAE04EC0-301F-11D3-BF4B-00C04F79EFBC}") = "Introduction", "Introduction.csproj", "{F1A8E3B7-6C52-4F24-839C-3D3C5F88AF96}"
EndProject
Global
	GlobalSection(SolutionConfigurationPlatforms) = preSolution
		Debug|Any CPU = Debug|Any CPU
		Release|Any CPU = Release|Any CPU
	EndGlobalSection
	GlobalSection(ProjectConfigurationPlatforms) = postSolution
		{F1A8E3B7-6C52-4F24-839C-3D3C5F88AF96}.Debug|Any CPU.ActiveCfg = Debug|Any CPU
		{F1A8E3B7-6C52-4F24-839C-3D3C5F88AF96}.Debug|Any CPU.Build.0 = Debug|Any CPU
		{F1A8E3B7-6C52-4F24-839C-3D3C5F88AF96}.Release|Any CPU.ActiveCfg = Release|Any CPU
		{F1A8E3B7-6C52-4F24-839C-3D3C5F88AF96}.Release|Any CPU.Build.0 = Release|Any CPU
	EndGlobalSection
	GlobalSection(SolutionProperties) = preSolution
		HideSolutionNode = FALSE
	EndGlobalSection
	GlobalSection(ExtensibilityGlobals) = postSolution
		SolutionGuid = {0C95292C-50AF-4C35-8186-73275108A6F2}
	EndGlobalSection
EndGlobal
